{
  "originHash" : "48f7d8ab3fbf7fcceb827ed7bff62c9e2abe5d3fef3b19c5d5c2bedc9af0e725",
  "pins" : [
    {
      "identity" : "swift-ui-autograph",
      "kind" : "remoteSourceControl",
      "location" : "https://github.com/NickTheFreak97/swift-ui-autograph",
      "state" : {
        "branch" : "main",
        "revision" : "e4e3386092ad6b9d3591f7e180ed3b276d87e88c"
      }
    },
    {
      "identity" : "swift-ui-helpers",
      "kind" : "remoteSourceControl",
      "location" : "https://github.com/jensmoes/swift-ui-helpers",
      "state" : {
        "revision" : "7edab92c52747c0cc4ed1d52c2e46f2a77f9d045",
        "version" : "0.0.3"
      }
    },
    {
      "identity" : "swiftgraph",
      "kind" : "remoteSourceControl",
      "location" : "https://github.com/NickTheFreak97/SwiftGraph",
      "state" : {
        "branch" : "msa",
        "revision" : "b239f9e24d5ab74108613cd1350cdd09262bbbd5"
      }
    },
    {
      "identity" : "ztronobservation",
      "kind" : "remoteSourceControl",
      "location" : "https://github.com/NiccoloBargioni/ZTronObservation",
      "state" : {
        "branch" : "main",
        "revision" : "b7ebd46ae6207b64842712cad6ff08c00aaab6df"
      }
    },
    {
      "identity" : "ztronsymbolsclassifer",
      "kind" : "remoteSourceControl",
      "location" : "https://github.com/NiccoloBargioni/ZTronSymbolsClassifer",
      "state" : {
        "branch" : "main",
        "revision" : "d690f4369b58b81285b2f985c4bb640ad9384a89"
      }
    }
  ],
  "version" : 3
}
