// !$*UTF8*$!
{
	archiveVersion = 1;
	classes = {
	};
	objectVersion = 77;
	objects = {

/* Begin PBXBuildFile section */
		84459A032DDCBAB400073761 /* ZTronObservation in Frameworks */ = {isa = PBXBuildFile; productRef = 84459A022DDCBAB400073761 /* ZTronObservation */; };
		84459A062DDCBAF600073761 /* Autograph in Frameworks */ = {isa = PBXBuildFile; productRef = 84459A052DDCBAF600073761 /* Autograph */; };
		84459A092DDCBB1D00073761 /* SVGView in Frameworks */ = {isa = PBXBuildFile; productRef = 84459A082DDCBB1D00073761 /* SVGView */; };
		84459A0C2DDCBB3B00073761 /* SwiftUIIntrospect in Frameworks */ = {isa = PBXBuildFile; productRef = 84459A0B2DDCBB3B00073761 /* SwiftUIIntrospect */; };
		84459A0F2DDCBB6100073761 /* ZTronSymbolsClassifier in Frameworks */ = {isa = PBXBuildFile; productRef = 84459A0E2DDCBB6100073761 /* ZTronSymbolsClassifier */; };
/* End PBXBuildFile section */

/* Begin PBXContainerItemProxy section */
		84A4EEE22D3FFC5E00DB6C25 /* PBXContainerItemProxy */ = {
			isa = PBXContainerItemProxy;
			containerPortal = 84A4EEC92D3FFC5D00DB6C25 /* Project object */;
			proxyType = 1;
			remoteGlobalIDString = 84A4EED02D3FFC5D00DB6C25;
			remoteInfo = CanvaClassifier;
		};
		84A4EEEC2D3FFC5E00DB6C25 /* PBXContainerItemProxy */ = {
			isa = PBXContainerItemProxy;
			containerPortal = 84A4EEC92D3FFC5D00DB6C25 /* Project object */;
			proxyType = 1;
			remoteGlobalIDString = 84A4EED02D3FFC5D00DB6C25;
			remoteInfo = CanvaClassifier;
		};
/* End PBXContainerItemProxy section */

/* Begin PBXFileReference section */
		84A4EED12D3FFC5D00DB6C25 /* CanvaClassifier.app */ = {isa = PBXFileReference; explicitFileType = wrapper.application; includeInIndex = 0; path = CanvaClassifier.app; sourceTree = BUILT_PRODUCTS_DIR; };
		84A4EEE12D3FFC5E00DB6C25 /* CanvaClassifierTests.xctest */ = {isa = PBXFileReference; explicitFileType = wrapper.cfbundle; includeInIndex = 0; path = CanvaClassifierTests.xctest; sourceTree = BUILT_PRODUCTS_DIR; };
		84A4EEEB2D3FFC5E00DB6C25 /* CanvaClassifierUITests.xctest */ = {isa = PBXFileReference; explicitFileType = wrapper.cfbundle; includeInIndex = 0; path = CanvaClassifierUITests.xctest; sourceTree = BUILT_PRODUCTS_DIR; };
/* End PBXFileReference section */

/* Begin PBXFileSystemSynchronizedRootGroup section */
		84A4EED32D3FFC5D00DB6C25 /* CanvaClassifier */ = {
			isa = PBXFileSystemSynchronizedRootGroup;
			path = CanvaClassifier;
			sourceTree = "<group>";
		};
		84A4EEE42D3FFC5E00DB6C25 /* CanvaClassifierTests */ = {
			isa = PBXFileSystemSynchronizedRootGroup;
			path = CanvaClassifierTests;
			sourceTree = "<group>";
		};
		84A4EEEE2D3FFC5E00DB6C25 /* CanvaClassifierUITests */ = {
			isa = PBXFileSystemSynchronizedRootGroup;
			path = CanvaClassifierUITests;
			sourceTree = "<group>";
		};
/* End PBXFileSystemSynchronizedRootGroup section */

/* Begin PBXFrameworksBuildPhase section */
		84A4EECE2D3FFC5D00DB6C25 /* Frameworks */ = {
			isa = PBXFrameworksBuildPhase;
			buildActionMask = 2147483647;
			files = (
				84459A092DDCBB1D00073761 /* SVGView in Frameworks */,
				84459A062DDCBAF600073761 /* Autograph in Frameworks */,
				84459A032DDCBAB400073761 /* ZTronObservation in Frameworks */,
				84459A0C2DDCBB3B00073761 /* SwiftUIIntrospect in Frameworks */,
				84459A0F2DDCBB6100073761 /* ZTronSymbolsClassifier in Frameworks */,
			);
			runOnlyForDeploymentPostprocessing = 0;
		};
		84A4EEDE2D3FFC5E00DB6C25 /* Frameworks */ = {
			isa = PBXFrameworksBuildPhase;
			buildActionMask = 2147483647;
			files = (
			);
			runOnlyForDeploymentPostprocessing = 0;
		};
		84A4EEE82D3FFC5E00DB6C25 /* Frameworks */ = {
			isa = PBXFrameworksBuildPhase;
			buildActionMask = 2147483647;
			files = (
			);
			runOnlyForDeploymentPostprocessing = 0;
		};
/* End PBXFrameworksBuildPhase section */

/* Begin PBXGroup section */
		84A4EEC82D3FFC5D00DB6C25 = {
			isa = PBXGroup;
			children = (
				84A4EED32D3FFC5D00DB6C25 /* CanvaClassifier */,
				84A4EEE42D3FFC5E00DB6C25 /* CanvaClassifierTests */,
				84A4EEEE2D3FFC5E00DB6C25 /* CanvaClassifierUITests */,
				84A4EED22D3FFC5D00DB6C25 /* Products */,
			);
			sourceTree = "<group>";
		};
		84A4EED22D3FFC5D00DB6C25 /* Products */ = {
			isa = PBXGroup;
			children = (
				84A4EED12D3FFC5D00DB6C25 /* CanvaClassifier.app */,
				84A4EEE12D3FFC5E00DB6C25 /* CanvaClassifierTests.xctest */,
				84A4EEEB2D3FFC5E00DB6C25 /* CanvaClassifierUITests.xctest */,
			);
			name = Products;
			sourceTree = "<group>";
		};
/* End PBXGroup section */

/* Begin PBXNativeTarget section */
		84A4EED02D3FFC5D00DB6C25 /* CanvaClassifier */ = {
			isa = PBXNativeTarget;
			buildConfigurationList = 84A4EEF52D3FFC5E00DB6C25 /* Build configuration list for PBXNativeTarget "CanvaClassifier" */;
			buildPhases = (
				84A4EECD2D3FFC5D00DB6C25 /* Sources */,
				84A4EECE2D3FFC5D00DB6C25 /* Frameworks */,
				84A4EECF2D3FFC5D00DB6C25 /* Resources */,
			);
			buildRules = (
			);
			dependencies = (
			);
			fileSystemSynchronizedGroups = (
				84A4EED32D3FFC5D00DB6C25 /* CanvaClassifier */,
			);
			name = CanvaClassifier;
			packageProductDependencies = (
				84459A022DDCBAB400073761 /* ZTronObservation */,
				84459A052DDCBAF600073761 /* Autograph */,
				84459A082DDCBB1D00073761 /* SVGView */,
				84459A0B2DDCBB3B00073761 /* SwiftUIIntrospect */,
				84459A0E2DDCBB6100073761 /* ZTronSymbolsClassifier */,
			);
			productName = CanvaClassifier;
			productReference = 84A4EED12D3FFC5D00DB6C25 /* CanvaClassifier.app */;
			productType = "com.apple.product-type.application";
		};
		84A4EEE02D3FFC5E00DB6C25 /* CanvaClassifierTests */ = {
			isa = PBXNativeTarget;
			buildConfigurationList = 84A4EEF82D3FFC5E00DB6C25 /* Build configuration list for PBXNativeTarget "CanvaClassifierTests" */;
			buildPhases = (
				84A4EEDD2D3FFC5E00DB6C25 /* Sources */,
				84A4EEDE2D3FFC5E00DB6C25 /* Frameworks */,
				84A4EEDF2D3FFC5E00DB6C25 /* Resources */,
			);
			buildRules = (
			);
			dependencies = (
				84A4EEE32D3FFC5E00DB6C25 /* PBXTargetDependency */,
			);
			fileSystemSynchronizedGroups = (
				84A4EEE42D3FFC5E00DB6C25 /* CanvaClassifierTests */,
			);
			name = CanvaClassifierTests;
			packageProductDependencies = (
			);
			productName = CanvaClassifierTests;
			productReference = 84A4EEE12D3FFC5E00DB6C25 /* CanvaClassifierTests.xctest */;
			productType = "com.apple.product-type.bundle.unit-test";
		};
		84A4EEEA2D3FFC5E00DB6C25 /* CanvaClassifierUITests */ = {
			isa = PBXNativeTarget;
			buildConfigurationList = 84A4EEFB2D3FFC5E00DB6C25 /* Build configuration list for PBXNativeTarget "CanvaClassifierUITests" */;
			buildPhases = (
				84A4EEE72D3FFC5E00DB6C25 /* Sources */,
				84A4EEE82D3FFC5E00DB6C25 /* Frameworks */,
				84A4EEE92D3FFC5E00DB6C25 /* Resources */,
			);
			buildRules = (
			);
			dependencies = (
				84A4EEED2D3FFC5E00DB6C25 /* PBXTargetDependency */,
			);
			fileSystemSynchronizedGroups = (
				84A4EEEE2D3FFC5E00DB6C25 /* CanvaClassifierUITests */,
			);
			name = CanvaClassifierUITests;
			packageProductDependencies = (
			);
			productName = CanvaClassifierUITests;
			productReference = 84A4EEEB2D3FFC5E00DB6C25 /* CanvaClassifierUITests.xctest */;
			productType = "com.apple.product-type.bundle.ui-testing";
		};
/* End PBXNativeTarget section */

/* Begin PBXProject section */
		84A4EEC92D3FFC5D00DB6C25 /* Project object */ = {
			isa = PBXProject;
			attributes = {
				BuildIndependentTargetsInParallel = 1;
				LastSwiftUpdateCheck = 1600;
				LastUpgradeCheck = 1600;
				TargetAttributes = {
					84A4EED02D3FFC5D00DB6C25 = {
						CreatedOnToolsVersion = 16.0;
					};
					84A4EEE02D3FFC5E00DB6C25 = {
						CreatedOnToolsVersion = 16.0;
						TestTargetID = 84A4EED02D3FFC5D00DB6C25;
					};
					84A4EEEA2D3FFC5E00DB6C25 = {
						CreatedOnToolsVersion = 16.0;
						TestTargetID = 84A4EED02D3FFC5D00DB6C25;
					};
				};
			};
			buildConfigurationList = 84A4EECC2D3FFC5D00DB6C25 /* Build configuration list for PBXProject "CanvaClassifier" */;
			developmentRegion = en;
			hasScannedForEncodings = 0;
			knownRegions = (
				en,
				Base,
			);
			mainGroup = 84A4EEC82D3FFC5D00DB6C25;
			minimizedProjectReferenceProxies = 1;
			packageReferences = (
				84459A012DDCBAB400073761 /* XCRemoteSwiftPackageReference "ZTronObservation" */,
				84459A042DDCBAF600073761 /* XCRemoteSwiftPackageReference "swift-ui-autograph" */,
				84459A072DDCBB1D00073761 /* XCRemoteSwiftPackageReference "SVGView" */,
				84459A0A2DDCBB3B00073761 /* XCRemoteSwiftPackageReference "swiftui-introspect" */,
				84459A0D2DDCBB6100073761 /* XCRemoteSwiftPackageReference "ZTronSymbolsClassifer" */,
			);
			preferredProjectObjectVersion = 77;
			productRefGroup = 84A4EED22D3FFC5D00DB6C25 /* Products */;
			projectDirPath = "";
			projectRoot = "";
			targets = (
				84A4EED02D3FFC5D00DB6C25 /* CanvaClassifier */,
				84A4EEE02D3FFC5E00DB6C25 /* CanvaClassifierTests */,
				84A4EEEA2D3FFC5E00DB6C25 /* CanvaClassifierUITests */,
			);
		};
/* End PBXProject section */

/* Begin PBXResourcesBuildPhase section */
		84A4EECF2D3FFC5D00DB6C25 /* Resources */ = {
			isa = PBXResourcesBuildPhase;
			buildActionMask = 2147483647;
			files = (
			);
			runOnlyForDeploymentPostprocessing = 0;
		};
		84A4EEDF2D3FFC5E00DB6C25 /* Resources */ = {
			isa = PBXResourcesBuildPhase;
			buildActionMask = 2147483647;
			files = (
			);
			runOnlyForDeploymentPostprocessing = 0;
		};
		84A4EEE92D3FFC5E00DB6C25 /* Resources */ = {
			isa = PBXResourcesBuildPhase;
			buildActionMask = 2147483647;
			files = (
			);
			runOnlyForDeploymentPostprocessing = 0;
		};
/* End PBXResourcesBuildPhase section */

/* Begin PBXSourcesBuildPhase section */
		84A4EECD2D3FFC5D00DB6C25 /* Sources */ = {
			isa = PBXSourcesBuildPhase;
			buildActionMask = 2147483647;
			files = (
			);
			runOnlyForDeploymentPostprocessing = 0;
		};
		84A4EEDD2D3FFC5E00DB6C25 /* Sources */ = {
			isa = PBXSourcesBuildPhase;
			buildActionMask = 2147483647;
			files = (
			);
			runOnlyForDeploymentPostprocessing = 0;
		};
		84A4EEE72D3FFC5E00DB6C25 /* Sources */ = {
			isa = PBXSourcesBuildPhase;
			buildActionMask = 2147483647;
			files = (
			);
			runOnlyForDeploymentPostprocessing = 0;
		};
/* End PBXSourcesBuildPhase section */

/* Begin PBXTargetDependency section */
		84A4EEE32D3FFC5E00DB6C25 /* PBXTargetDependency */ = {
			isa = PBXTargetDependency;
			target = 84A4EED02D3FFC5D00DB6C25 /* CanvaClassifier */;
			targetProxy = 84A4EEE22D3FFC5E00DB6C25 /* PBXContainerItemProxy */;
		};
		84A4EEED2D3FFC5E00DB6C25 /* PBXTargetDependency */ = {
			isa = PBXTargetDependency;
			target = 84A4EED02D3FFC5D00DB6C25 /* CanvaClassifier */;
			targetProxy = 84A4EEEC2D3FFC5E00DB6C25 /* PBXContainerItemProxy */;
		};
/* End PBXTargetDependency section */

/* Begin XCBuildConfiguration section */
		84A4EEF32D3FFC5E00DB6C25 /* Debug */ = {
			isa = XCBuildConfiguration;
			buildSettings = {
				ALWAYS_SEARCH_USER_PATHS = NO;
				ASSETCATALOG_COMPILER_GENERATE_SWIFT_ASSET_SYMBOL_EXTENSIONS = YES;
				CLANG_ANALYZER_NONNULL = YES;
				CLANG_ANALYZER_NUMBER_OBJECT_CONVERSION = YES_AGGRESSIVE;
				CLANG_CXX_LANGUAGE_STANDARD = "gnu++20";
				CLANG_ENABLE_MODULES = YES;
				CLANG_ENABLE_OBJC_ARC = YES;
				CLANG_ENABLE_OBJC_WEAK = YES;
				CLANG_WARN_BLOCK_CAPTURE_AUTORELEASING = YES;
				CLANG_WARN_BOOL_CONVERSION = YES;
				CLANG_WARN_COMMA = YES;
				CLANG_WARN_CONSTANT_CONVERSION = YES;
				CLANG_WARN_DEPRECATED_OBJC_IMPLEMENTATIONS = YES;
				CLANG_WARN_DIRECT_OBJC_ISA_USAGE = YES_ERROR;
				CLANG_WARN_DOCUMENTATION_COMMENTS = YES;
				CLANG_WARN_EMPTY_BODY = YES;
				CLANG_WARN_ENUM_CONVERSION = YES;
				CLANG_WARN_INFINITE_RECURSION = YES;
				CLANG_WARN_INT_CONVERSION = YES;
				CLANG_WARN_NON_LITERAL_NULL_CONVERSION = YES;
				CLANG_WARN_OBJC_IMPLICIT_RETAIN_SELF = YES;
				CLANG_WARN_OBJC_LITERAL_CONVERSION = YES;
				CLANG_WARN_OBJC_ROOT_CLASS = YES_ERROR;
				CLANG_WARN_QUOTED_INCLUDE_IN_FRAMEWORK_HEADER = YES;
				CLANG_WARN_RANGE_LOOP_ANALYSIS = YES;
				CLANG_WARN_STRICT_PROTOTYPES = YES;
				CLANG_WARN_SUSPICIOUS_MOVE = YES;
				CLANG_WARN_UNGUARDED_AVAILABILITY = YES_AGGRESSIVE;
				CLANG_WARN_UNREACHABLE_CODE = YES;
				CLANG_WARN__DUPLICATE_METHOD_MATCH = YES;
				COPY_PHASE_STRIP = NO;
				DEBUG_INFORMATION_FORMAT = dwarf;
				ENABLE_STRICT_OBJC_MSGSEND = YES;
				ENABLE_TESTABILITY = YES;
				ENABLE_USER_SCRIPT_SANDBOXING = YES;
				GCC_C_LANGUAGE_STANDARD = gnu17;
				GCC_DYNAMIC_NO_PIC = NO;
				GCC_NO_COMMON_BLOCKS = YES;
				GCC_OPTIMIZATION_LEVEL = 0;
				GCC_PREPROCESSOR_DEFINITIONS = (
					"DEBUG=1",
					"$(inherited)",
				);
				GCC_WARN_64_TO_32_BIT_CONVERSION = YES;
				GCC_WARN_ABOUT_RETURN_TYPE = YES_ERROR;
				GCC_WARN_UNDECLARED_SELECTOR = YES;
				GCC_WARN_UNINITIALIZED_AUTOS = YES_AGGRESSIVE;
				GCC_WARN_UNUSED_FUNCTION = YES;
				GCC_WARN_UNUSED_VARIABLE = YES;
				IPHONEOS_DEPLOYMENT_TARGET = 18.0;
				LOCALIZATION_PREFERS_STRING_CATALOGS = YES;
				MTL_ENABLE_DEBUG_INFO = INCLUDE_SOURCE;
				MTL_FAST_MATH = YES;
				ONLY_ACTIVE_ARCH = YES;
				SDKROOT = iphoneos;
				SWIFT_ACTIVE_COMPILATION_CONDITIONS = "DEBUG $(inherited)";
				SWIFT_OPTIMIZATION_LEVEL = "-Onone";
			};
			name = Debug;
		};
		84A4EEF42D3FFC5E00DB6C25 /* Release */ = {
			isa = XCBuildConfiguration;
			buildSettings = {
				ALWAYS_SEARCH_USER_PATHS = NO;
				ASSETCATALOG_COMPILER_GENERATE_SWIFT_ASSET_SYMBOL_EXTENSIONS = YES;
				CLANG_ANALYZER_NONNULL = YES;
				CLANG_ANALYZER_NUMBER_OBJECT_CONVERSION = YES_AGGRESSIVE;
				CLANG_CXX_LANGUAGE_STANDARD = "gnu++20";
				CLANG_ENABLE_MODULES = YES;
				CLANG_ENABLE_OBJC_ARC = YES;
				CLANG_ENABLE_OBJC_WEAK = YES;
				CLANG_WARN_BLOCK_CAPTURE_AUTORELEASING = YES;
				CLANG_WARN_BOOL_CONVERSION = YES;
				CLANG_WARN_COMMA = YES;
				CLANG_WARN_CONSTANT_CONVERSION = YES;
				CLANG_WARN_DEPRECATED_OBJC_IMPLEMENTATIONS = YES;
				CLANG_WARN_DIRECT_OBJC_ISA_USAGE = YES_ERROR;
				CLANG_WARN_DOCUMENTATION_COMMENTS = YES;
				CLANG_WARN_EMPTY_BODY = YES;
				CLANG_WARN_ENUM_CONVERSION = YES;
				CLANG_WARN_INFINITE_RECURSION = YES;
				CLANG_WARN_INT_CONVERSION = YES;
				CLANG_WARN_NON_LITERAL_NULL_CONVERSION = YES;
				CLANG_WARN_OBJC_IMPLICIT_RETAIN_SELF = YES;
				CLANG_WARN_OBJC_LITERAL_CONVERSION = YES;
				CLANG_WARN_OBJC_ROOT_CLASS = YES_ERROR;
				CLANG_WARN_QUOTED_INCLUDE_IN_FRAMEWORK_HEADER = YES;
				CLANG_WARN_RANGE_LOOP_ANALYSIS = YES;
				CLANG_WARN_STRICT_PROTOTYPES = YES;
				CLANG_WARN_SUSPICIOUS_MOVE = YES;
				CLANG_WARN_UNGUARDED_AVAILABILITY = YES_AGGRESSIVE;
				CLANG_WARN_UNREACHABLE_CODE = YES;
				CLANG_WARN__DUPLICATE_METHOD_MATCH = YES;
				COPY_PHASE_STRIP = NO;
				DEBUG_INFORMATION_FORMAT = "dwarf-with-dsym";
				ENABLE_NS_ASSERTIONS = NO;
				ENABLE_STRICT_OBJC_MSGSEND = YES;
				ENABLE_USER_SCRIPT_SANDBOXING = YES;
				GCC_C_LANGUAGE_STANDARD = gnu17;
				GCC_NO_COMMON_BLOCKS = YES;
				GCC_WARN_64_TO_32_BIT_CONVERSION = YES;
				GCC_WARN_ABOUT_RETURN_TYPE = YES_ERROR;
				GCC_WARN_UNDECLARED_SELECTOR = YES;
				GCC_WARN_UNINITIALIZED_AUTOS = YES_AGGRESSIVE;
				GCC_WARN_UNUSED_FUNCTION = YES;
				GCC_WARN_UNUSED_VARIABLE = YES;
				IPHONEOS_DEPLOYMENT_TARGET = 18.0;
				LOCALIZATION_PREFERS_STRING_CATALOGS = YES;
				MTL_ENABLE_DEBUG_INFO = NO;
				MTL_FAST_MATH = YES;
				SDKROOT = iphoneos;
				SWIFT_COMPILATION_MODE = wholemodule;
				VALIDATE_PRODUCT = YES;
			};
			name = Release;
		};
		84A4EEF62D3FFC5E00DB6C25 /* Debug */ = {
			isa = XCBuildConfiguration;
			buildSettings = {
				ASSETCATALOG_COMPILER_APPICON_NAME = AppIcon;
				ASSETCATALOG_COMPILER_GLOBAL_ACCENT_COLOR_NAME = AccentColor;
				CODE_SIGN_STYLE = Automatic;
				CURRENT_PROJECT_VERSION = 1;
				DEVELOPMENT_ASSET_PATHS = "\"CanvaClassifier/Preview Content\"";
				DEVELOPMENT_TEAM = XR9245G3HG;
				ENABLE_PREVIEWS = YES;
				GENERATE_INFOPLIST_FILE = YES;
				INFOPLIST_KEY_UIApplicationSceneManifest_Generation = YES;
				INFOPLIST_KEY_UIApplicationSupportsIndirectInputEvents = YES;
				INFOPLIST_KEY_UILaunchScreen_Generation = YES;
				INFOPLIST_KEY_UISupportedInterfaceOrientations_iPad = "UIInterfaceOrientationPortrait UIInterfaceOrientationPortraitUpsideDown UIInterfaceOrientationLandscapeLeft UIInterfaceOrientationLandscapeRight";
				INFOPLIST_KEY_UISupportedInterfaceOrientations_iPhone = "UIInterfaceOrientationPortrait UIInterfaceOrientationLandscapeLeft UIInterfaceOrientationLandscapeRight";
				LD_RUNPATH_SEARCH_PATHS = (
					"$(inherited)",
					"@executable_path/Frameworks",
				);
				MARKETING_VERSION = 1.0;
				PRODUCT_BUNDLE_IDENTIFIER = com.zombietron.CanvaClassifier;
				PRODUCT_NAME = "$(TARGET_NAME)";
				SWIFT_EMIT_LOC_STRINGS = YES;
				SWIFT_VERSION = 5.0;
				TARGETED_DEVICE_FAMILY = "1,2";
			};
			name = Debug;
		};
		84A4EEF72D3FFC5E00DB6C25 /* Release */ = {
			isa = XCBuildConfiguration;
			buildSettings = {
				ASSETCATALOG_COMPILER_APPICON_NAME = AppIcon;
				ASSETCATALOG_COMPILER_GLOBAL_ACCENT_COLOR_NAME = AccentColor;
				CODE_SIGN_STYLE = Automatic;
				CURRENT_PROJECT_VERSION = 1;
				DEVELOPMENT_ASSET_PATHS = "\"CanvaClassifier/Preview Content\"";
				DEVELOPMENT_TEAM = XR9245G3HG;
				ENABLE_PREVIEWS = YES;
				GENERATE_INFOPLIST_FILE = YES;
				INFOPLIST_KEY_UIApplicationSceneManifest_Generation = YES;
				INFOPLIST_KEY_UIApplicationSupportsIndirectInputEvents = YES;
				INFOPLIST_KEY_UILaunchScreen_Generation = YES;
				INFOPLIST_KEY_UISupportedInterfaceOrientations_iPad = "UIInterfaceOrientationPortrait UIInterfaceOrientationPortraitUpsideDown UIInterfaceOrientationLandscapeLeft UIInterfaceOrientationLandscapeRight";
				INFOPLIST_KEY_UISupportedInterfaceOrientations_iPhone = "UIInterfaceOrientationPortrait UIInterfaceOrientationLandscapeLeft UIInterfaceOrientationLandscapeRight";
				LD_RUNPATH_SEARCH_PATHS = (
					"$(inherited)",
					"@executable_path/Frameworks",
				);
				MARKETING_VERSION = 1.0;
				PRODUCT_BUNDLE_IDENTIFIER = com.zombietron.CanvaClassifier;
				PRODUCT_NAME = "$(TARGET_NAME)";
				SWIFT_EMIT_LOC_STRINGS = YES;
				SWIFT_VERSION = 5.0;
				TARGETED_DEVICE_FAMILY = "1,2";
			};
			name = Release;
		};
		84A4EEF92D3FFC5E00DB6C25 /* Debug */ = {
			isa = XCBuildConfiguration;
			buildSettings = {
				BUNDLE_LOADER = "$(TEST_HOST)";
				CODE_SIGN_STYLE = Automatic;
				CURRENT_PROJECT_VERSION = 1;
				DEVELOPMENT_TEAM = XR9245G3HG;
				GENERATE_INFOPLIST_FILE = YES;
				IPHONEOS_DEPLOYMENT_TARGET = 18.0;
				MARKETING_VERSION = 1.0;
				PRODUCT_BUNDLE_IDENTIFIER = com.zombietron.CanvaClassifierTests;
				PRODUCT_NAME = "$(TARGET_NAME)";
				SWIFT_EMIT_LOC_STRINGS = NO;
				SWIFT_VERSION = 5.0;
				TARGETED_DEVICE_FAMILY = "1,2";
				TEST_HOST = "$(BUILT_PRODUCTS_DIR)/CanvaClassifier.app/$(BUNDLE_EXECUTABLE_FOLDER_PATH)/CanvaClassifier";
			};
			name = Debug;
		};
		84A4EEFA2D3FFC5E00DB6C25 /* Release */ = {
			isa = XCBuildConfiguration;
			buildSettings = {
				BUNDLE_LOADER = "$(TEST_HOST)";
				CODE_SIGN_STYLE = Automatic;
				CURRENT_PROJECT_VERSION = 1;
				DEVELOPMENT_TEAM = XR9245G3HG;
				GENERATE_INFOPLIST_FILE = YES;
				IPHONEOS_DEPLOYMENT_TARGET = 18.0;
				MARKETING_VERSION = 1.0;
				PRODUCT_BUNDLE_IDENTIFIER = com.zombietron.CanvaClassifierTests;
				PRODUCT_NAME = "$(TARGET_NAME)";
				SWIFT_EMIT_LOC_STRINGS = NO;
				SWIFT_VERSION = 5.0;
				TARGETED_DEVICE_FAMILY = "1,2";
				TEST_HOST = "$(BUILT_PRODUCTS_DIR)/CanvaClassifier.app/$(BUNDLE_EXECUTABLE_FOLDER_PATH)/CanvaClassifier";
			};
			name = Release;
		};
		84A4EEFC2D3FFC5E00DB6C25 /* Debug */ = {
			isa = XCBuildConfiguration;
			buildSettings = {
				CODE_SIGN_STYLE = Automatic;
				CURRENT_PROJECT_VERSION = 1;
				DEVELOPMENT_TEAM = XR9245G3HG;
				GENERATE_INFOPLIST_FILE = YES;
				MARKETING_VERSION = 1.0;
				PRODUCT_BUNDLE_IDENTIFIER = com.zombietron.CanvaClassifierUITests;
				PRODUCT_NAME = "$(TARGET_NAME)";
				SWIFT_EMIT_LOC_STRINGS = NO;
				SWIFT_VERSION = 5.0;
				TARGETED_DEVICE_FAMILY = "1,2";
				TEST_TARGET_NAME = CanvaClassifier;
			};
			name = Debug;
		};
		84A4EEFD2D3FFC5E00DB6C25 /* Release */ = {
			isa = XCBuildConfiguration;
			buildSettings = {
				CODE_SIGN_STYLE = Automatic;
				CURRENT_PROJECT_VERSION = 1;
				DEVELOPMENT_TEAM = XR9245G3HG;
				GENERATE_INFOPLIST_FILE = YES;
				MARKETING_VERSION = 1.0;
				PRODUCT_BUNDLE_IDENTIFIER = com.zombietron.CanvaClassifierUITests;
				PRODUCT_NAME = "$(TARGET_NAME)";
				SWIFT_EMIT_LOC_STRINGS = NO;
				SWIFT_VERSION = 5.0;
				TARGETED_DEVICE_FAMILY = "1,2";
				TEST_TARGET_NAME = CanvaClassifier;
			};
			name = Release;
		};
/* End XCBuildConfiguration section */

/* Begin XCConfigurationList section */
		84A4EECC2D3FFC5D00DB6C25 /* Build configuration list for PBXProject "CanvaClassifier" */ = {
			isa = XCConfigurationList;
			buildConfigurations = (
				84A4EEF32D3FFC5E00DB6C25 /* Debug */,
				84A4EEF42D3FFC5E00DB6C25 /* Release */,
			);
			defaultConfigurationIsVisible = 0;
			defaultConfigurationName = Release;
		};
		84A4EEF52D3FFC5E00DB6C25 /* Build configuration list for PBXNativeTarget "CanvaClassifier" */ = {
			isa = XCConfigurationList;
			buildConfigurations = (
				84A4EEF62D3FFC5E00DB6C25 /* Debug */,
				84A4EEF72D3FFC5E00DB6C25 /* Release */,
			);
			defaultConfigurationIsVisible = 0;
			defaultConfigurationName = Release;
		};
		84A4EEF82D3FFC5E00DB6C25 /* Build configuration list for PBXNativeTarget "CanvaClassifierTests" */ = {
			isa = XCConfigurationList;
			buildConfigurations = (
				84A4EEF92D3FFC5E00DB6C25 /* Debug */,
				84A4EEFA2D3FFC5E00DB6C25 /* Release */,
			);
			defaultConfigurationIsVisible = 0;
			defaultConfigurationName = Release;
		};
		84A4EEFB2D3FFC5E00DB6C25 /* Build configuration list for PBXNativeTarget "CanvaClassifierUITests" */ = {
			isa = XCConfigurationList;
			buildConfigurations = (
				84A4EEFC2D3FFC5E00DB6C25 /* Debug */,
				84A4EEFD2D3FFC5E00DB6C25 /* Release */,
			);
			defaultConfigurationIsVisible = 0;
			defaultConfigurationName = Release;
		};
/* End XCConfigurationList section */

/* Begin XCRemoteSwiftPackageReference section */
		84459A012DDCBAB400073761 /* XCRemoteSwiftPackageReference "ZTronObservation" */ = {
			isa = XCRemoteSwiftPackageReference;
			repositoryURL = "https://github.com/NiccoloBargioni/ZTronObservation";
			requirement = {
				branch = main;
				kind = branch;
			};
		};
		84459A042DDCBAF600073761 /* XCRemoteSwiftPackageReference "swift-ui-autograph" */ = {
			isa = XCRemoteSwiftPackageReference;
			repositoryURL = "https://github.com/NickTheFreak97/swift-ui-autograph";
			requirement = {
				branch = main;
				kind = branch;
			};
		};
		84459A072DDCBB1D00073761 /* XCRemoteSwiftPackageReference "SVGView" */ = {
			isa = XCRemoteSwiftPackageReference;
			repositoryURL = "https://github.com/exyte/SVGView";
			requirement = {
				branch = main;
				kind = branch;
			};
		};
		84459A0A2DDCBB3B00073761 /* XCRemoteSwiftPackageReference "swiftui-introspect" */ = {
			isa = XCRemoteSwiftPackageReference;
			repositoryURL = "https://github.com/siteline/swiftui-introspect";
			requirement = {
				branch = main;
				kind = branch;
			};
		};
		84459A0D2DDCBB6100073761 /* XCRemoteSwiftPackageReference "ZTronSymbolsClassifer" */ = {
			isa = XCRemoteSwiftPackageReference;
			repositoryURL = "https://github.com/NiccoloBargioni/ZTronSymbolsClassifer";
			requirement = {
				branch = main;
				kind = branch;
			};
		};
/* End XCRemoteSwiftPackageReference section */

/* Begin XCSwiftPackageProductDependency section */
		84459A022DDCBAB400073761 /* ZTronObservation */ = {
			isa = XCSwiftPackageProductDependency;
			package = 84459A012DDCBAB400073761 /* XCRemoteSwiftPackageReference "ZTronObservation" */;
			productName = ZTronObservation;
		};
		84459A052DDCBAF600073761 /* Autograph */ = {
			isa = XCSwiftPackageProductDependency;
			package = 84459A042DDCBAF600073761 /* XCRemoteSwiftPackageReference "swift-ui-autograph" */;
			productName = Autograph;
		};
		84459A082DDCBB1D00073761 /* SVGView */ = {
			isa = XCSwiftPackageProductDependency;
			package = 84459A072DDCBB1D00073761 /* XCRemoteSwiftPackageReference "SVGView" */;
			productName = SVGView;
		};
		84459A0B2DDCBB3B00073761 /* SwiftUIIntrospect */ = {
			isa = XCSwiftPackageProductDependency;
			package = 84459A0A2DDCBB3B00073761 /* XCRemoteSwiftPackageReference "swiftui-introspect" */;
			productName = SwiftUIIntrospect;
		};
		84459A0E2DDCBB6100073761 /* ZTronSymbolsClassifier */ = {
			isa = XCSwiftPackageProductDependency;
			package = 84459A0D2DDCBB6100073761 /* XCRemoteSwiftPackageReference "ZTronSymbolsClassifer" */;
			productName = ZTronSymbolsClassifier;
		};
/* End XCSwiftPackageProductDependency section */
	};
	rootObject = 84A4EEC92D3FFC5D00DB6C25 /* Project object */;
}
